
Microsoft Visual Studio Solution File, Format Version 12.00
# Visual Studio 15
VisualStudioVersion = 15.0.28307.645
MinimumVisualStudioVersion = 10.0.40219.1
Project("{FAE04EC0-301F-11D3-BF4B-00C04F79EFBC}") = "TRPZ VOLSWAGEN", "TRPZ VOLSWAGEN\TRPZ VOLSWAGEN.csproj", "{FA80EB52-08A3-4A0F-AB6D-2E5721ABA23B}"
EndProject
Global
	GlobalSection(SolutionConfigurationPlatforms) = preSolution
		Debug|Any CPU = Debug|Any CPU
		Release|Any CPU = Release|Any CPU
	EndGlobalSection
	GlobalSection(ProjectConfigurationPlatforms) = postSolution
		{FA80EB52-08A3-4A0F-AB6D-2E5721ABA23B}.Debug|Any CPU.ActiveCfg = Debug|Any CPU
		{FA80EB52-08A3-4A0F-AB6D-2E5721ABA23B}.Debug|Any CPU.Build.0 = Debug|Any CPU
		{FA80EB52-08A3-4A0F-AB6D-2E5721ABA23B}.Release|Any CPU.ActiveCfg = Release|Any CPU
		{FA80EB52-08A3-4A0F-AB6D-2E5721ABA23B}.Release|Any CPU.Build.0 = Release|Any CPU
	EndGlobalSection
	GlobalSection(SolutionProperties) = preSolution
		HideSolutionNode = FALSE
	EndGlobalSection
	GlobalSection(ExtensibilityGlobals) = postSolution
		SolutionGuid = {C3F80573-BC4A-4C2E-8CC9-C7786DA02207}
	EndGlobalSection
EndGlobal
